
Microsoft Visual Studio Solution File, Format Version 12.00
# Visual Studio 2015
Project("{FAE04EC0-301F-11D3-BF4B-00C04F79EFBC}") = "Rollingball", "Rollingball.csproj", "{CC389230-1ED9-4799-F870-5619DE41219D}"
EndProject
Global
	GlobalSection(SolutionConfigurationPlatforms) = preSolution
		Debug|Any CPU = Debug|Any CPU
		Release|Any CPU = Release|Any CPU
	EndGlobalSection
	GlobalSection(ProjectConfigurationPlatforms) = postSolution
		{CC389230-1ED9-4799-F870-5619DE41219D}.Debug|Any CPU.ActiveCfg = Debug|Any CPU
		{CC389230-1ED9-4799-F870-5619DE41219D}.Debug|Any CPU.Build.0 = Debug|Any CPU
		{CC389230-1ED9-4799-F870-5619DE41219D}.Release|Any CPU.ActiveCfg = Release|Any CPU
		{CC389230-1ED9-4799-F870-5619DE41219D}.Release|Any CPU.Build.0 = Release|Any CPU
	EndGlobalSection
	GlobalSection(SolutionProperties) = preSolution
		HideSolutionNode = FALSE
	EndGlobalSection
EndGlobal
